// !$*UTF8*$!
{
	archiveVersion = 1;
	classes = {
	};
	objectVersion = 56;
	objects = {

/* Begin PBXBuildFile section */
		EF1A637C2C35E15800A98AE0 /* RestartApp.swift in Sources */ = {isa = PBXBuildFile; fileRef = EF1A637B2C35E15800A98AE0 /* RestartApp.swift */; };
		EF1A637E2C35E15800A98AE0 /* ContentView.swift in Sources */ = {isa = PBXBuildFile; fileRef = EF1A637D2C35E15800A98AE0 /* ContentView.swift */; };
		EF1A63802C35E15B00A98AE0 /* Assets.xcassets in Resources */ = {isa = PBXBuildFile; fileRef = EF1A637F2C35E15B00A98AE0 /* Assets.xcassets */; };
		EF1A63832C35E15B00A98AE0 /* Preview Assets.xcassets in Resources */ = {isa = PBXBuildFile; fileRef = EF1A63822C35E15B00A98AE0 /* Preview Assets.xcassets */; };
		EF1A63852C35E15B00A98AE0 /* Persistence.swift in Sources */ = {isa = PBXBuildFile; fileRef = EF1A63842C35E15B00A98AE0 /* Persistence.swift */; };
		EF1A63882C35E15B00A98AE0 /* Restart.xcdatamodeld in Sources */ = {isa = PBXBuildFile; fileRef = EF1A63862C35E15B00A98AE0 /* Restart.xcdatamodeld */; };
		EF1A63902C35E56800A98AE0 /* chimeup.mp3 in Resources */ = {isa = PBXBuildFile; fileRef = EF1A638E2C35E56800A98AE0 /* chimeup.mp3 */; };
		EF1A63912C35E56800A98AE0 /* success.m4a in Resources */ = {isa = PBXBuildFile; fileRef = EF1A638F2C35E56800A98AE0 /* success.m4a */; };
		EF1A63952C3A89E800A98AE0 /* OnboardingView.swift in Sources */ = {isa = PBXBuildFile; fileRef = EF1A63942C3A89E800A98AE0 /* OnboardingView.swift */; };
		EF1A63992C3A8A4D00A98AE0 /* HomeView.swift in Sources */ = {isa = PBXBuildFile; fileRef = EF1A63982C3A8A4D00A98AE0 /* HomeView.swift */; };
		EF1A639B2C3AB12500A98AE0 /* CircleGroupView.swift in Sources */ = {isa = PBXBuildFile; fileRef = EF1A639A2C3AB12500A98AE0 /* CircleGroupView.swift */; };
/* End PBXBuildFile section */

/* Begin PBXFileReference section */
		EF1A63782C35E15800A98AE0 /* Restart.app */ = {isa = PBXFileReference; explicitFileType = wrapper.application; includeInIndex = 0; path = Restart.app; sourceTree = BUILT_PRODUCTS_DIR; };
		EF1A637B2C35E15800A98AE0 /* RestartApp.swift */ = {isa = PBXFileReference; lastKnownFileType = sourcecode.swift; path = RestartApp.swift; sourceTree = "<group>"; };
		EF1A637D2C35E15800A98AE0 /* ContentView.swift */ = {isa = PBXFileReference; lastKnownFileType = sourcecode.swift; path = ContentView.swift; sourceTree = "<group>"; };
		EF1A637F2C35E15B00A98AE0 /* Assets.xcassets */ = {isa = PBXFileReference; lastKnownFileType = folder.assetcatalog; path = Assets.xcassets; sourceTree = "<group>"; };
		EF1A63822C35E15B00A98AE0 /* Preview Assets.xcassets */ = {isa = PBXFileReference; lastKnownFileType = folder.assetcatalog; path = "Preview Assets.xcassets"; sourceTree = "<group>"; };
		EF1A63842C35E15B00A98AE0 /* Persistence.swift */ = {isa = PBXFileReference; lastKnownFileType = sourcecode.swift; path = Persistence.swift; sourceTree = "<group>"; };
		EF1A63872C35E15B00A98AE0 /* Restart.xcdatamodel */ = {isa = PBXFileReference; lastKnownFileType = wrapper.xcdatamodel; path = Restart.xcdatamodel; sourceTree = "<group>"; };
		EF1A638E2C35E56800A98AE0 /* chimeup.mp3 */ = {isa = PBXFileReference; lastKnownFileType = audio.mp3; path = chimeup.mp3; sourceTree = "<group>"; };
		EF1A638F2C35E56800A98AE0 /* success.m4a */ = {isa = PBXFileReference; lastKnownFileType = file; path = success.m4a; sourceTree = "<group>"; };
		EF1A63942C3A89E800A98AE0 /* OnboardingView.swift */ = {isa = PBXFileReference; lastKnownFileType = sourcecode.swift; path = OnboardingView.swift; sourceTree = "<group>"; };
		EF1A63982C3A8A4D00A98AE0 /* HomeView.swift */ = {isa = PBXFileReference; lastKnownFileType = sourcecode.swift; path = HomeView.swift; sourceTree = "<group>"; };
		EF1A639A2C3AB12500A98AE0 /* CircleGroupView.swift */ = {isa = PBXFileReference; lastKnownFileType = sourcecode.swift; path = CircleGroupView.swift; sourceTree = "<group>"; };
/* End PBXFileReference section */

/* Begin PBXFrameworksBuildPhase section */
		EF1A63752C35E15800A98AE0 /* Frameworks */ = {
			isa = PBXFrameworksBuildPhase;
			buildActionMask = 2147483647;
			files = (
			);
			runOnlyForDeploymentPostprocessing = 0;
		};
/* End PBXFrameworksBuildPhase section */

/* Begin PBXGroup section */
		EF1A636F2C35E15800A98AE0 = {
			isa = PBXGroup;
			children = (
				EF1A637A2C35E15800A98AE0 /* Restart */,
				EF1A63932C3A89B800A98AE0 /* Screens */,
				EF1A63962C3A8A0700A98AE0 /* Views */,
				EF1A63792C35E15800A98AE0 /* Products */,
			);
			sourceTree = "<group>";
		};
		EF1A63792C35E15800A98AE0 /* Products */ = {
			isa = PBXGroup;
			children = (
				EF1A63782C35E15800A98AE0 /* Restart.app */,
			);
			name = Products;
			sourceTree = "<group>";
		};
		EF1A637A2C35E15800A98AE0 /* Restart */ = {
			isa = PBXGroup;
			children = (
				EF1A63972C3A8A1400A98AE0 /* Utilities */,
				EF1A637B2C35E15800A98AE0 /* RestartApp.swift */,
				EF1A637F2C35E15B00A98AE0 /* Assets.xcassets */,
				EF1A63842C35E15B00A98AE0 /* Persistence.swift */,
				EF1A63862C35E15B00A98AE0 /* Restart.xcdatamodeld */,
				EF1A63922C35E56F00A98AE0 /* Sounds */,
				EF1A63812C35E15B00A98AE0 /* Preview Content */,
			);
			path = Restart;
			sourceTree = "<group>";
		};
		EF1A63812C35E15B00A98AE0 /* Preview Content */ = {
			isa = PBXGroup;
			children = (
				EF1A63822C35E15B00A98AE0 /* Preview Assets.xcassets */,
			);
			path = "Preview Content";
			sourceTree = "<group>";
		};
		EF1A63922C35E56F00A98AE0 /* Sounds */ = {
			isa = PBXGroup;
			children = (
				EF1A638E2C35E56800A98AE0 /* chimeup.mp3 */,
				EF1A638F2C35E56800A98AE0 /* success.m4a */,
			);
			path = Sounds;
			sourceTree = "<group>";
		};
		EF1A63932C3A89B800A98AE0 /* Screens */ = {
			isa = PBXGroup;
			children = (
				EF1A637D2C35E15800A98AE0 /* ContentView.swift */,
				EF1A63942C3A89E800A98AE0 /* OnboardingView.swift */,
				EF1A63982C3A8A4D00A98AE0 /* HomeView.swift */,
			);
			path = Screens;
			sourceTree = "<group>";
		};
		EF1A63962C3A8A0700A98AE0 /* Views */ = {
			isa = PBXGroup;
			children = (
				EF1A639A2C3AB12500A98AE0 /* CircleGroupView.swift */,
			);
			path = Views;
			sourceTree = "<group>";
		};
		EF1A63972C3A8A1400A98AE0 /* Utilities */ = {
			isa = PBXGroup;
			children = (
			);
			path = Utilities;
			sourceTree = "<group>";
		};
/* End PBXGroup section */

/* Begin PBXNativeTarget section */
		EF1A63772C35E15800A98AE0 /* Restart */ = {
			isa = PBXNativeTarget;
			buildConfigurationList = EF1A638B2C35E15B00A98AE0 /* Build configuration list for PBXNativeTarget "Restart" */;
			buildPhases = (
				EF1A63742C35E15800A98AE0 /* Sources */,
				EF1A63752C35E15800A98AE0 /* Frameworks */,
				EF1A63762C35E15800A98AE0 /* Resources */,
			);
			buildRules = (
			);
			dependencies = (
			);
			name = Restart;
			productName = Restart;
			productReference = EF1A63782C35E15800A98AE0 /* Restart.app */;
			productType = "com.apple.product-type.application";
		};
/* End PBXNativeTarget section */

/* Begin PBXProject section */
		EF1A63702C35E15800A98AE0 /* Project object */ = {
			isa = PBXProject;
			attributes = {
				BuildIndependentTargetsInParallel = 1;
				LastSwiftUpdateCheck = 1520;
				LastUpgradeCheck = 1520;
				TargetAttributes = {
					EF1A63772C35E15800A98AE0 = {
						CreatedOnToolsVersion = 15.2;
					};
				};
			};
			buildConfigurationList = EF1A63732C35E15800A98AE0 /* Build configuration list for PBXProject "Restart" */;
			compatibilityVersion = "Xcode 14.0";
			developmentRegion = en;
			hasScannedForEncodings = 0;
			knownRegions = (
				en,
				Base,
			);
			mainGroup = EF1A636F2C35E15800A98AE0;
			productRefGroup = EF1A63792C35E15800A98AE0 /* Products */;
			projectDirPath = "";
			projectRoot = "";
			targets = (
				EF1A63772C35E15800A98AE0 /* Restart */,
			);
		};
/* End PBXProject section */

/* Begin PBXResourcesBuildPhase section */
		EF1A63762C35E15800A98AE0 /* Resources */ = {
			isa = PBXResourcesBuildPhase;
			buildActionMask = 2147483647;
			files = (
				EF1A63912C35E56800A98AE0 /* success.m4a in Resources */,
				EF1A63902C35E56800A98AE0 /* chimeup.mp3 in Resources */,
				EF1A63832C35E15B00A98AE0 /* Preview Assets.xcassets in Resources */,
				EF1A63802C35E15B00A98AE0 /* Assets.xcassets in Resources */,
			);
			runOnlyForDeploymentPostprocessing = 0;
		};
/* End PBXResourcesBuildPhase section */

/* Begin PBXSourcesBuildPhase section */
		EF1A63742C35E15800A98AE0 /* Sources */ = {
			isa = PBXSourcesBuildPhase;
			buildActionMask = 2147483647;
			files = (
				EF1A639B2C3AB12500A98AE0 /* CircleGroupView.swift in Sources */,
				EF1A63852C35E15B00A98AE0 /* Persistence.swift in Sources */,
				EF1A63882C35E15B00A98AE0 /* Restart.xcdatamodeld in Sources */,
				EF1A637E2C35E15800A98AE0 /* ContentView.swift in Sources */,
				EF1A63992C3A8A4D00A98AE0 /* HomeView.swift in Sources */,
				EF1A63952C3A89E800A98AE0 /* OnboardingView.swift in Sources */,
				EF1A637C2C35E15800A98AE0 /* RestartApp.swift in Sources */,
			);
			runOnlyForDeploymentPostprocessing = 0;
		};
/* End PBXSourcesBuildPhase section */

/* Begin XCBuildConfiguration section */
		EF1A63892C35E15B00A98AE0 /* Debug */ = {
			isa = XCBuildConfiguration;
			buildSettings = {
				ALWAYS_SEARCH_USER_PATHS = NO;
				ASSETCATALOG_COMPILER_GENERATE_SWIFT_ASSET_SYMBOL_EXTENSIONS = YES;
				CLANG_ANALYZER_NONNULL = YES;
				CLANG_ANALYZER_NUMBER_OBJECT_CONVERSION = YES_AGGRESSIVE;
				CLANG_CXX_LANGUAGE_STANDARD = "gnu++20";
				CLANG_ENABLE_MODULES = YES;
				CLANG_ENABLE_OBJC_ARC = YES;
				CLANG_ENABLE_OBJC_WEAK = YES;
				CLANG_WARN_BLOCK_CAPTURE_AUTORELEASING = YES;
				CLANG_WARN_BOOL_CONVERSION = YES;
				CLANG_WARN_COMMA = YES;
				CLANG_WARN_CONSTANT_CONVERSION = YES;
				CLANG_WARN_DEPRECATED_OBJC_IMPLEMENTATIONS = YES;
				CLANG_WARN_DIRECT_OBJC_ISA_USAGE = YES_ERROR;
				CLANG_WARN_DOCUMENTATION_COMMENTS = YES;
				CLANG_WARN_EMPTY_BODY = YES;
				CLANG_WARN_ENUM_CONVERSION = YES;
				CLANG_WARN_INFINITE_RECURSION = YES;
				CLANG_WARN_INT_CONVERSION = YES;
				CLANG_WARN_NON_LITERAL_NULL_CONVERSION = YES;
				CLANG_WARN_OBJC_IMPLICIT_RETAIN_SELF = YES;
				CLANG_WARN_OBJC_LITERAL_CONVERSION = YES;
				CLANG_WARN_OBJC_ROOT_CLASS = YES_ERROR;
				CLANG_WARN_QUOTED_INCLUDE_IN_FRAMEWORK_HEADER = YES;
				CLANG_WARN_RANGE_LOOP_ANALYSIS = YES;
				CLANG_WARN_STRICT_PROTOTYPES = YES;
				CLANG_WARN_SUSPICIOUS_MOVE = YES;
				CLANG_WARN_UNGUARDED_AVAILABILITY = YES_AGGRESSIVE;
				CLANG_WARN_UNREACHABLE_CODE = YES;
				CLANG_WARN__DUPLICATE_METHOD_MATCH = YES;
				COPY_PHASE_STRIP = NO;
				DEBUG_INFORMATION_FORMAT = dwarf;
				ENABLE_STRICT_OBJC_MSGSEND = YES;
				ENABLE_TESTABILITY = YES;
				ENABLE_USER_SCRIPT_SANDBOXING = YES;
				GCC_C_LANGUAGE_STANDARD = gnu17;
				GCC_DYNAMIC_NO_PIC = NO;
				GCC_NO_COMMON_BLOCKS = YES;
				GCC_OPTIMIZATION_LEVEL = 0;
				GCC_PREPROCESSOR_DEFINITIONS = (
					"DEBUG=1",
					"$(inherited)",
				);
				GCC_WARN_64_TO_32_BIT_CONVERSION = YES;
				GCC_WARN_ABOUT_RETURN_TYPE = YES_ERROR;
				GCC_WARN_UNDECLARED_SELECTOR = YES;
				GCC_WARN_UNINITIALIZED_AUTOS = YES_AGGRESSIVE;
				GCC_WARN_UNUSED_FUNCTION = YES;
				GCC_WARN_UNUSED_VARIABLE = YES;
				IPHONEOS_DEPLOYMENT_TARGET = 17.2;
				LOCALIZATION_PREFERS_STRING_CATALOGS = YES;
				MTL_ENABLE_DEBUG_INFO = INCLUDE_SOURCE;
				MTL_FAST_MATH = YES;
				ONLY_ACTIVE_ARCH = YES;
				SDKROOT = iphoneos;
				SWIFT_ACTIVE_COMPILATION_CONDITIONS = "DEBUG $(inherited)";
				SWIFT_OPTIMIZATION_LEVEL = "-Onone";
			};
			name = Debug;
		};
		EF1A638A2C35E15B00A98AE0 /* Release */ = {
			isa = XCBuildConfiguration;
			buildSettings = {
				ALWAYS_SEARCH_USER_PATHS = NO;
				ASSETCATALOG_COMPILER_GENERATE_SWIFT_ASSET_SYMBOL_EXTENSIONS = YES;
				CLANG_ANALYZER_NONNULL = YES;
				CLANG_ANALYZER_NUMBER_OBJECT_CONVERSION = YES_AGGRESSIVE;
				CLANG_CXX_LANGUAGE_STANDARD = "gnu++20";
				CLANG_ENABLE_MODULES = YES;
				CLANG_ENABLE_OBJC_ARC = YES;
				CLANG_ENABLE_OBJC_WEAK = YES;
				CLANG_WARN_BLOCK_CAPTURE_AUTORELEASING = YES;
				CLANG_WARN_BOOL_CONVERSION = YES;
				CLANG_WARN_COMMA = YES;
				CLANG_WARN_CONSTANT_CONVERSION = YES;
				CLANG_WARN_DEPRECATED_OBJC_IMPLEMENTATIONS = YES;
				CLANG_WARN_DIRECT_OBJC_ISA_USAGE = YES_ERROR;
				CLANG_WARN_DOCUMENTATION_COMMENTS = YES;
				CLANG_WARN_EMPTY_BODY = YES;
				CLANG_WARN_ENUM_CONVERSION = YES;
				CLANG_WARN_INFINITE_RECURSION = YES;
				CLANG_WARN_INT_CONVERSION = YES;
				CLANG_WARN_NON_LITERAL_NULL_CONVERSION = YES;
				CLANG_WARN_OBJC_IMPLICIT_RETAIN_SELF = YES;
				CLANG_WARN_OBJC_LITERAL_CONVERSION = YES;
				CLANG_WARN_OBJC_ROOT_CLASS = YES_ERROR;
				CLANG_WARN_QUOTED_INCLUDE_IN_FRAMEWORK_HEADER = YES;
				CLANG_WARN_RANGE_LOOP_ANALYSIS = YES;
				CLANG_WARN_STRICT_PROTOTYPES = YES;
				CLANG_WARN_SUSPICIOUS_MOVE = YES;
				CLANG_WARN_UNGUARDED_AVAILABILITY = YES_AGGRESSIVE;
				CLANG_WARN_UNREACHABLE_CODE = YES;
				CLANG_WARN__DUPLICATE_METHOD_MATCH = YES;
				COPY_PHASE_STRIP = NO;
				DEBUG_INFORMATION_FORMAT = "dwarf-with-dsym";
				ENABLE_NS_ASSERTIONS = NO;
				ENABLE_STRICT_OBJC_MSGSEND = YES;
				ENABLE_USER_SCRIPT_SANDBOXING = YES;
				GCC_C_LANGUAGE_STANDARD = gnu17;
				GCC_NO_COMMON_BLOCKS = YES;
				GCC_WARN_64_TO_32_BIT_CONVERSION = YES;
				GCC_WARN_ABOUT_RETURN_TYPE = YES_ERROR;
				GCC_WARN_UNDECLARED_SELECTOR = YES;
				GCC_WARN_UNINITIALIZED_AUTOS = YES_AGGRESSIVE;
				GCC_WARN_UNUSED_FUNCTION = YES;
				GCC_WARN_UNUSED_VARIABLE = YES;
				IPHONEOS_DEPLOYMENT_TARGET = 17.2;
				LOCALIZATION_PREFERS_STRING_CATALOGS = YES;
				MTL_ENABLE_DEBUG_INFO = NO;
				MTL_FAST_MATH = YES;
				SDKROOT = iphoneos;
				SWIFT_COMPILATION_MODE = wholemodule;
				VALIDATE_PRODUCT = YES;
			};
			name = Release;
		};
		EF1A638C2C35E15B00A98AE0 /* Debug */ = {
			isa = XCBuildConfiguration;
			buildSettings = {
				ASSETCATALOG_COMPILER_APPICON_NAME = AppIcon;
				ASSETCATALOG_COMPILER_GLOBAL_ACCENT_COLOR_NAME = AccentColor;
				CODE_SIGN_STYLE = Automatic;
				CURRENT_PROJECT_VERSION = 1;
				DEVELOPMENT_ASSET_PATHS = "\"Restart/Preview Content\"";
				DEVELOPMENT_TEAM = XVPZ66P689;
				ENABLE_PREVIEWS = YES;
				GENERATE_INFOPLIST_FILE = YES;
				INFOPLIST_KEY_UIApplicationSceneManifest_Generation = YES;
				INFOPLIST_KEY_UIApplicationSupportsIndirectInputEvents = YES;
				INFOPLIST_KEY_UILaunchScreen_Generation = YES;
				INFOPLIST_KEY_UISupportedInterfaceOrientations_iPad = "UIInterfaceOrientationPortrait UIInterfaceOrientationPortraitUpsideDown UIInterfaceOrientationLandscapeLeft UIInterfaceOrientationLandscapeRight";
				INFOPLIST_KEY_UISupportedInterfaceOrientations_iPhone = "UIInterfaceOrientationPortrait UIInterfaceOrientationLandscapeLeft UIInterfaceOrientationLandscapeRight";
				LD_RUNPATH_SEARCH_PATHS = (
					"$(inherited)",
					"@executable_path/Frameworks",
				);
				MARKETING_VERSION = 1.0;
				PRODUCT_BUNDLE_IDENTIFIER = com.Yasser.Restart;
				PRODUCT_NAME = "$(TARGET_NAME)";
				SWIFT_EMIT_LOC_STRINGS = YES;
				SWIFT_VERSION = 5.0;
				TARGETED_DEVICE_FAMILY = "1,2";
			};
			name = Debug;
		};
		EF1A638D2C35E15B00A98AE0 /* Release */ = {
			isa = XCBuildConfiguration;
			buildSettings = {
				ASSETCATALOG_COMPILER_APPICON_NAME = AppIcon;
				ASSETCATALOG_COMPILER_GLOBAL_ACCENT_COLOR_NAME = AccentColor;
				CODE_SIGN_STYLE = Automatic;
				CURRENT_PROJECT_VERSION = 1;
				DEVELOPMENT_ASSET_PATHS = "\"Restart/Preview Content\"";
				DEVELOPMENT_TEAM = XVPZ66P689;
				ENABLE_PREVIEWS = YES;
				GENERATE_INFOPLIST_FILE = YES;
				INFOPLIST_KEY_UIApplicationSceneManifest_Generation = YES;
				INFOPLIST_KEY_UIApplicationSupportsIndirectInputEvents = YES;
				INFOPLIST_KEY_UILaunchScreen_Generation = YES;
				INFOPLIST_KEY_UISupportedInterfaceOrientations_iPad = "UIInterfaceOrientationPortrait UIInterfaceOrientationPortraitUpsideDown UIInterfaceOrientationLandscapeLeft UIInterfaceOrientationLandscapeRight";
				INFOPLIST_KEY_UISupportedInterfaceOrientations_iPhone = "UIInterfaceOrientationPortrait UIInterfaceOrientationLandscapeLeft UIInterfaceOrientationLandscapeRight";
				LD_RUNPATH_SEARCH_PATHS = (
					"$(inherited)",
					"@executable_path/Frameworks",
				);
				MARKETING_VERSION = 1.0;
				PRODUCT_BUNDLE_IDENTIFIER = com.Yasser.Restart;
				PRODUCT_NAME = "$(TARGET_NAME)";
				SWIFT_EMIT_LOC_STRINGS = YES;
				SWIFT_VERSION = 5.0;
				TARGETED_DEVICE_FAMILY = "1,2";
			};
			name = Release;
		};
/* End XCBuildConfiguration section */

/* Begin XCConfigurationList section */
		EF1A63732C35E15800A98AE0 /* Build configuration list for PBXProject "Restart" */ = {
			isa = XCConfigurationList;
			buildConfigurations = (
				EF1A63892C35E15B00A98AE0 /* Debug */,
				EF1A638A2C35E15B00A98AE0 /* Release */,
			);
			defaultConfigurationIsVisible = 0;
			defaultConfigurationName = Release;
		};
		EF1A638B2C35E15B00A98AE0 /* Build configuration list for PBXNativeTarget "Restart" */ = {
			isa = XCConfigurationList;
			buildConfigurations = (
				EF1A638C2C35E15B00A98AE0 /* Debug */,
				EF1A638D2C35E15B00A98AE0 /* Release */,
			);
			defaultConfigurationIsVisible = 0;
			defaultConfigurationName = Release;
		};
/* End XCConfigurationList section */

/* Begin XCVersionGroup section */
		EF1A63862C35E15B00A98AE0 /* Restart.xcdatamodeld */ = {
			isa = XCVersionGroup;
			children = (
				EF1A63872C35E15B00A98AE0 /* Restart.xcdatamodel */,
			);
			currentVersion = EF1A63872C35E15B00A98AE0 /* Restart.xcdatamodel */;
			path = Restart.xcdatamodeld;
			sourceTree = "<group>";
			versionGroupType = wrapper.xcdatamodel;
		};
/* End XCVersionGroup section */
	};
	rootObject = EF1A63702C35E15800A98AE0 /* Project object */;
}
